
Microsoft Visual Studio Solution File, Format Version 12.00
# Visual Studio Version 17
VisualStudioVersion = 17.6.33829.357
MinimumVisualStudioVersion = 10.0.40219.1
Project("{FAE04EC0-301F-11D3-BF4B-00C04F79EFBC}") = "PrimerDesafio", "PrimerDesafio.csproj", "{182AAC6E-5CD5-4D37-AECA-1195E2692F97}"
EndProject
Global
	GlobalSection(SolutionConfigurationPlatforms) = preSolution
		Debug|Any CPU = Debug|Any CPU
		Release|Any CPU = Release|Any CPU
	EndGlobalSection
	GlobalSection(ProjectConfigurationPlatforms) = postSolution
		{182AAC6E-5CD5-4D37-AECA-1195E2692F97}.Debug|Any CPU.ActiveCfg = Debug|Any CPU
		{182AAC6E-5CD5-4D37-AECA-1195E2692F97}.Debug|Any CPU.Build.0 = Debug|Any CPU
		{182AAC6E-5CD5-4D37-AECA-1195E2692F97}.Release|Any CPU.ActiveCfg = Release|Any CPU
		{182AAC6E-5CD5-4D37-AECA-1195E2692F97}.Release|Any CPU.Build.0 = Release|Any CPU
	EndGlobalSection
	GlobalSection(SolutionProperties) = preSolution
		HideSolutionNode = FALSE
	EndGlobalSection
	GlobalSection(ExtensibilityGlobals) = postSolution
		SolutionGuid = {7653A0C9-2539-4D7D-878D-2CAD1CEAA8A5}
	EndGlobalSection
EndGlobal
